
Microsoft Visual Studio Solution File, Format Version 12.00
# Visual Studio 15
VisualStudioVersion = 15.0.28010.2003
MinimumVisualStudioVersion = 10.0.40219.1
Project("{FAE04EC0-301F-11D3-BF4B-00C04F79EFBC}") = "ArgoMini", "ArgoMini\ArgoMini.csproj", "{2267DB33-5360-41FB-9DB1-65CB30638A0E}"
EndProject
Global
	GlobalSection(SolutionConfigurationPlatforms) = preSolution
		Debug|Any CPU = Debug|Any CPU
		Release|Any CPU = Release|Any CPU
	EndGlobalSection
	GlobalSection(ProjectConfigurationPlatforms) = postSolution
		{2267DB33-5360-41FB-9DB1-65CB30638A0E}.Debug|Any CPU.ActiveCfg = Debug|Any CPU
		{2267DB33-5360-41FB-9DB1-65CB30638A0E}.Debug|Any CPU.Build.0 = Debug|Any CPU
		{2267DB33-5360-41FB-9DB1-65CB30638A0E}.Release|Any CPU.ActiveCfg = Release|Any CPU
		{2267DB33-5360-41FB-9DB1-65CB30638A0E}.Release|Any CPU.Build.0 = Release|Any CPU
	EndGlobalSection
	GlobalSection(SolutionProperties) = preSolution
		HideSolutionNode = FALSE
	EndGlobalSection
	GlobalSection(ExtensibilityGlobals) = postSolution
		SolutionGuid = {04E56A5D-9339-4EC8-8610-61A6362E8016}
	EndGlobalSection
EndGlobal
